<?xml version="1.0" encoding="utf-8"?>
<Project ToolsVersion="4.0" xmlns="http://schemas.microsoft.com/developer/msbuild/2003">
  <ItemGroup>
    <Filter Include="Source Files">
      <UniqueIdentifier>{4FC737F1-C7A5-4376-A066-2A32D752A2FF}</UniqueIdentifier>
      <Extensions>cpp;c;cc;cxx;def;odl;idl;hpj;bat;asm;asmx</Extensions>
    </Filter>
    <Filter Include="Header Files">
      <UniqueIdentifier>{93995380-89BD-4b04-88EB-625FBE52EBFB}</UniqueIdentifier>
      <Extensions>h;hh;hpp;hxx;hm;inl;inc;xsd</Extensions>
    </Filter>
    <Filter Include="Resource Files">
      <UniqueIdentifier>{67DA6AB6-F800-4c08-8B7A-83BB121AAD01}</UniqueIdentifier>
      <Extensions>rc;ico;cur;bmp;dlg;rc2;rct;bin;rgs;gif;jpg;jpeg;jpe;resx;tiff;tif;png;wav;mfcribbon-ms</Extensions>
    </Filter>
  </ItemGroup>
  <ItemGroup>
    <ClCompile Include="point.cpp">
      <Filter>Source Files</Filter>
    </ClCompile>
    <ClCompile Include="polygone.cpp">
      <Filter>Source Files</Filter>
    </ClCompile>
    <ClCompile Include="tp1.cpp">
      <Filter>Source Files</Filter>
    </ClCompile>
    <ClCompile Include="Segment.cpp">
      <Filter>Source Files</Filter>
    </ClCompile>
  </ItemGroup>
  <ItemGroup>
    <ClInclude Include="point.h">
      <Filter>Header Files</Filter>
    </ClInclude>
    <ClInclude Include="polygone.h">
      <Filter>Header Files</Filter>
    </ClInclude>
    <ClInclude Include="tableau.h">
      <Filter>Header Files</Filter>
    </ClInclude>
    <ClInclude Include="Segment.h">
      <Filter>Header Files</Filter>
    </ClInclude>
  </ItemGroup>
  <ItemGroup>
    <Text Include="..\Release\carte01.txt" />
    <Text Include="..\Release\nuage1.txt" />
    <Text Include="..\Release\nuage2.txt" />
    <Text Include="..\Release\nuage3.txt" />
    <Text Include="..\Release\nuage4.txt" />
    <Text Include="..\Release\nuage5.txt" />
    <Text Include="..\Release\carte04.txt" />
    <Text Include="..\Release\carte05.txt" />
    <Text Include="..\Release\carte03.txt" />
    <Text Include="..\Release\carte00.txt" />
  </ItemGroup>
  <ItemGroup>
    <None Include="..\Release\carte04_1.resultat" />
    <None Include="..\Release\carte03_2-1.resultat" />
    <None Include="..\Release\carte03_2-10.resultat" />
    <None Include="..\Release\carte03_2-50.resultat" />
    <None Include="..\Release\carte03_2-100.resultat" />
    <None Include="..\Release\carte00_1.resultat" />
    <None Include="..\Release\carte00_2.resultat" />
    <None Include="..\Release\carte00_2-1.resultat" />
    <None Include="..\Release\carte00_2-10.resultat" />
    <None Include="..\Release\carte00_2-50.resultat" />
    <None Include="..\Release\carte00_2-100.resultat" />
    <None Include="..\Release\carte01_1.resultat" />
    <None Include="..\Release\carte01_2.resultat" />
    <None Include="..\Release\carte01_2-1.resultat" />
    <None Include="..\Release\carte01_2-10.resultat" />
    <None Include="..\Release\carte01_2-50.resultat" />
    <None Include="..\Release\carte01_2-100.resultat" />
    <None Include="..\Release\carte02_1.resultat" />
    <None Include="..\Release\carte02_2.resultat" />
    <None Include="..\Release\carte02_2-1.resultat" />
    <None Include="..\Release\carte02_2-10.resultat" />
    <None Include="..\Release\carte02_2-50.resultat" />
    <None Include="..\Release\carte02_2-100.resultat" />
    <None Include="..\Release\carte03_1.resultat" />
    <None Include="..\Release\carte03_2.resultat" />
    <None Include="..\Release\Labo2.exe" />
    <None Include="..\Release\Labo2.pdb" />
    <None Include="..\Release\Labo1.exe" />
    <None Include="..\Release\Labo1.pdb" />
    <None Include="..\Release\UQAM 3105.pdb" />
    <None Include="..\Release\UQAM3105.exe" />
    <None Include="..\Release\UQAM31052.exe" />
  </ItemGroup>
</Project>